// !$*UTF8*$!
{
	archiveVersion = 1;
	classes = {
	};
	objectVersion = 48;
	objects = {

/* Begin PBXBuildFile section */
		3F59DC4920A808E4005A11F6 /* AppDelegate.swift in Sources */ = {isa = PBXBuildFile; fileRef = 3F59DC4820A808E4005A11F6 /* AppDelegate.swift */; };
		3F59DC4B20A808E4005A11F6 /* ViewController.swift in Sources */ = {isa = PBXBuildFile; fileRef = 3F59DC4A20A808E4005A11F6 /* ViewController.swift */; };
		3F59DC4D20A808E4005A11F6 /* Assets.xcassets in Resources */ = {isa = PBXBuildFile; fileRef = 3F59DC4C20A808E4005A11F6 /* Assets.xcassets */; };
		3F59DC5020A808E4005A11F6 /* Main.storyboard in Resources */ = {isa = PBXBuildFile; fileRef = 3F59DC4E20A808E4005A11F6 /* Main.storyboard */; };
		3F59DC5C20A808E4005A11F6 /* Mac_ToolkitTests.swift in Sources */ = {isa = PBXBuildFile; fileRef = 3F59DC5B20A808E4005A11F6 /* Mac_ToolkitTests.swift */; };
		3F59DC6720A808E4005A11F6 /* Mac_ToolkitUITests.swift in Sources */ = {isa = PBXBuildFile; fileRef = 3F59DC6620A808E4005A11F6 /* Mac_ToolkitUITests.swift */; };
/* End PBXBuildFile section */

/* Begin PBXContainerItemProxy section */
		3F59DC5820A808E4005A11F6 /* PBXContainerItemProxy */ = {
			isa = PBXContainerItemProxy;
			containerPortal = 3F59DC3D20A808E4005A11F6 /* Project object */;
			proxyType = 1;
			remoteGlobalIDString = 3F59DC4420A808E4005A11F6;
			remoteInfo = "Mac Toolkit";
		};
		3F59DC6320A808E4005A11F6 /* PBXContainerItemProxy */ = {
			isa = PBXContainerItemProxy;
			containerPortal = 3F59DC3D20A808E4005A11F6 /* Project object */;
			proxyType = 1;
			remoteGlobalIDString = 3F59DC4420A808E4005A11F6;
			remoteInfo = "Mac Toolkit";
		};
/* End PBXContainerItemProxy section */

/* Begin PBXFileReference section */
		3F59DC4520A808E4005A11F6 /* Mac Toolkit.app */ = {isa = PBXFileReference; explicitFileType = wrapper.application; includeInIndex = 0; path = "Mac Toolkit.app"; sourceTree = BUILT_PRODUCTS_DIR; };
		3F59DC4820A808E4005A11F6 /* AppDelegate.swift */ = {isa = PBXFileReference; lastKnownFileType = sourcecode.swift; path = AppDelegate.swift; sourceTree = "<group>"; };
		3F59DC4A20A808E4005A11F6 /* ViewController.swift */ = {isa = PBXFileReference; lastKnownFileType = sourcecode.swift; path = ViewController.swift; sourceTree = "<group>"; };
		3F59DC4C20A808E4005A11F6 /* Assets.xcassets */ = {isa = PBXFileReference; lastKnownFileType = folder.assetcatalog; path = Assets.xcassets; sourceTree = "<group>"; };
		3F59DC4F20A808E4005A11F6 /* Base */ = {isa = PBXFileReference; lastKnownFileType = file.storyboard; name = Base; path = Base.lproj/Main.storyboard; sourceTree = "<group>"; };
		3F59DC5120A808E4005A11F6 /* Info.plist */ = {isa = PBXFileReference; lastKnownFileType = text.plist.xml; path = Info.plist; sourceTree = "<group>"; };
		3F59DC5220A808E4005A11F6 /* Mac_Toolkit.entitlements */ = {isa = PBXFileReference; lastKnownFileType = text.plist.entitlements; path = Mac_Toolkit.entitlements; sourceTree = "<group>"; };
		3F59DC5720A808E4005A11F6 /* Mac ToolkitTests.xctest */ = {isa = PBXFileReference; explicitFileType = wrapper.cfbundle; includeInIndex = 0; path = "Mac ToolkitTests.xctest"; sourceTree = BUILT_PRODUCTS_DIR; };
		3F59DC5B20A808E4005A11F6 /* Mac_ToolkitTests.swift */ = {isa = PBXFileReference; lastKnownFileType = sourcecode.swift; path = Mac_ToolkitTests.swift; sourceTree = "<group>"; };
		3F59DC5D20A808E4005A11F6 /* Info.plist */ = {isa = PBXFileReference; lastKnownFileType = text.plist.xml; path = Info.plist; sourceTree = "<group>"; };
		3F59DC6220A808E4005A11F6 /* Mac ToolkitUITests.xctest */ = {isa = PBXFileReference; explicitFileType = wrapper.cfbundle; includeInIndex = 0; path = "Mac ToolkitUITests.xctest"; sourceTree = BUILT_PRODUCTS_DIR; };
		3F59DC6620A808E4005A11F6 /* Mac_ToolkitUITests.swift */ = {isa = PBXFileReference; lastKnownFileType = sourcecode.swift; path = Mac_ToolkitUITests.swift; sourceTree = "<group>"; };
		3F59DC6820A808E4005A11F6 /* Info.plist */ = {isa = PBXFileReference; lastKnownFileType = text.plist.xml; path = Info.plist; sourceTree = "<group>"; };
/* End PBXFileReference section */

/* Begin PBXFrameworksBuildPhase section */
		3F59DC4220A808E4005A11F6 /* Frameworks */ = {
			isa = PBXFrameworksBuildPhase;
			buildActionMask = 2147483647;
			files = (
			);
			runOnlyForDeploymentPostprocessing = 0;
		};
		3F59DC5420A808E4005A11F6 /* Frameworks */ = {
			isa = PBXFrameworksBuildPhase;
			buildActionMask = 2147483647;
			files = (
			);
			runOnlyForDeploymentPostprocessing = 0;
		};
		3F59DC5F20A808E4005A11F6 /* Frameworks */ = {
			isa = PBXFrameworksBuildPhase;
			buildActionMask = 2147483647;
			files = (
			);
			runOnlyForDeploymentPostprocessing = 0;
		};
/* End PBXFrameworksBuildPhase section */

/* Begin PBXGroup section */
		3F59DC3C20A808E4005A11F6 = {
			isa = PBXGroup;
			children = (
				3F59DC4720A808E4005A11F6 /* Mac Toolkit */,
				3F59DC5A20A808E4005A11F6 /* Mac ToolkitTests */,
				3F59DC6520A808E4005A11F6 /* Mac ToolkitUITests */,
				3F59DC4620A808E4005A11F6 /* Products */,
			);
			sourceTree = "<group>";
		};
		3F59DC4620A808E4005A11F6 /* Products */ = {
			isa = PBXGroup;
			children = (
				3F59DC4520A808E4005A11F6 /* Mac Toolkit.app */,
				3F59DC5720A808E4005A11F6 /* Mac ToolkitTests.xctest */,
				3F59DC6220A808E4005A11F6 /* Mac ToolkitUITests.xctest */,
			);
			name = Products;
			sourceTree = "<group>";
		};
		3F59DC4720A808E4005A11F6 /* Mac Toolkit */ = {
			isa = PBXGroup;
			children = (
				3F59DC4820A808E4005A11F6 /* AppDelegate.swift */,
				3F59DC4A20A808E4005A11F6 /* ViewController.swift */,
				3F59DC4C20A808E4005A11F6 /* Assets.xcassets */,
				3F59DC4E20A808E4005A11F6 /* Main.storyboard */,
				3F59DC5120A808E4005A11F6 /* Info.plist */,
				3F59DC5220A808E4005A11F6 /* Mac_Toolkit.entitlements */,
			);
			path = "Mac Toolkit";
			sourceTree = "<group>";
		};
		3F59DC5A20A808E4005A11F6 /* Mac ToolkitTests */ = {
			isa = PBXGroup;
			children = (
				3F59DC5B20A808E4005A11F6 /* Mac_ToolkitTests.swift */,
				3F59DC5D20A808E4005A11F6 /* Info.plist */,
			);
			path = "Mac ToolkitTests";
			sourceTree = "<group>";
		};
		3F59DC6520A808E4005A11F6 /* Mac ToolkitUITests */ = {
			isa = PBXGroup;
			children = (
				3F59DC6620A808E4005A11F6 /* Mac_ToolkitUITests.swift */,
				3F59DC6820A808E4005A11F6 /* Info.plist */,
			);
			path = "Mac ToolkitUITests";
			sourceTree = "<group>";
		};
/* End PBXGroup section */

/* Begin PBXNativeTarget section */
		3F59DC4420A808E4005A11F6 /* Mac Toolkit */ = {
			isa = PBXNativeTarget;
			buildConfigurationList = 3F59DC6B20A808E4005A11F6 /* Build configuration list for PBXNativeTarget "Mac Toolkit" */;
			buildPhases = (
				3F59DC4120A808E4005A11F6 /* Sources */,
				3F59DC4220A808E4005A11F6 /* Frameworks */,
				3F59DC4320A808E4005A11F6 /* Resources */,
			);
			buildRules = (
			);
			dependencies = (
			);
			name = "Mac Toolkit";
			productName = "Mac Toolkit";
			productReference = 3F59DC4520A808E4005A11F6 /* Mac Toolkit.app */;
			productType = "com.apple.product-type.application";
		};
		3F59DC5620A808E4005A11F6 /* Mac ToolkitTests */ = {
			isa = PBXNativeTarget;
			buildConfigurationList = 3F59DC6E20A808E4005A11F6 /* Build configuration list for PBXNativeTarget "Mac ToolkitTests" */;
			buildPhases = (
				3F59DC5320A808E4005A11F6 /* Sources */,
				3F59DC5420A808E4005A11F6 /* Frameworks */,
				3F59DC5520A808E4005A11F6 /* Resources */,
			);
			buildRules = (
			);
			dependencies = (
				3F59DC5920A808E4005A11F6 /* PBXTargetDependency */,
			);
			name = "Mac ToolkitTests";
			productName = "Mac ToolkitTests";
			productReference = 3F59DC5720A808E4005A11F6 /* Mac ToolkitTests.xctest */;
			productType = "com.apple.product-type.bundle.unit-test";
		};
		3F59DC6120A808E4005A11F6 /* Mac ToolkitUITests */ = {
			isa = PBXNativeTarget;
			buildConfigurationList = 3F59DC7120A808E4005A11F6 /* Build configuration list for PBXNativeTarget "Mac ToolkitUITests" */;
			buildPhases = (
				3F59DC5E20A808E4005A11F6 /* Sources */,
				3F59DC5F20A808E4005A11F6 /* Frameworks */,
				3F59DC6020A808E4005A11F6 /* Resources */,
			);
			buildRules = (
			);
			dependencies = (
				3F59DC6420A808E4005A11F6 /* PBXTargetDependency */,
			);
			name = "Mac ToolkitUITests";
			productName = "Mac ToolkitUITests";
			productReference = 3F59DC6220A808E4005A11F6 /* Mac ToolkitUITests.xctest */;
			productType = "com.apple.product-type.bundle.ui-testing";
		};
/* End PBXNativeTarget section */

/* Begin PBXProject section */
		3F59DC3D20A808E4005A11F6 /* Project object */ = {
			isa = PBXProject;
			attributes = {
				LastSwiftUpdateCheck = 0920;
				LastUpgradeCheck = 0920;
				ORGANIZATIONNAME = "Gautam Krishna R";
				TargetAttributes = {
					3F59DC4420A808E4005A11F6 = {
						CreatedOnToolsVersion = 9.2;
						ProvisioningStyle = Automatic;
					};
					3F59DC5620A808E4005A11F6 = {
						CreatedOnToolsVersion = 9.2;
						ProvisioningStyle = Automatic;
						TestTargetID = 3F59DC4420A808E4005A11F6;
					};
					3F59DC6120A808E4005A11F6 = {
						CreatedOnToolsVersion = 9.2;
						ProvisioningStyle = Automatic;
						TestTargetID = 3F59DC4420A808E4005A11F6;
					};
				};
			};
			buildConfigurationList = 3F59DC4020A808E4005A11F6 /* Build configuration list for PBXProject "Mac Toolkit" */;
			compatibilityVersion = "Xcode 8.0";
			developmentRegion = en;
			hasScannedForEncodings = 0;
			knownRegions = (
				en,
				Base,
			);
			mainGroup = 3F59DC3C20A808E4005A11F6;
			productRefGroup = 3F59DC4620A808E4005A11F6 /* Products */;
			projectDirPath = "";
			projectRoot = "";
			targets = (
				3F59DC4420A808E4005A11F6 /* Mac Toolkit */,
				3F59DC5620A808E4005A11F6 /* Mac ToolkitTests */,
				3F59DC6120A808E4005A11F6 /* Mac ToolkitUITests */,
			);
		};
/* End PBXProject section */

/* Begin PBXResourcesBuildPhase section */
		3F59DC4320A808E4005A11F6 /* Resources */ = {
			isa = PBXResourcesBuildPhase;
			buildActionMask = 2147483647;
			files = (
				3F59DC4D20A808E4005A11F6 /* Assets.xcassets in Resources */,
				3F59DC5020A808E4005A11F6 /* Main.storyboard in Resources */,
			);
			runOnlyForDeploymentPostprocessing = 0;
		};
		3F59DC5520A808E4005A11F6 /* Resources */ = {
			isa = PBXResourcesBuildPhase;
			buildActionMask = 2147483647;
			files = (
			);
			runOnlyForDeploymentPostprocessing = 0;
		};
		3F59DC6020A808E4005A11F6 /* Resources */ = {
			isa = PBXResourcesBuildPhase;
			buildActionMask = 2147483647;
			files = (
			);
			runOnlyForDeploymentPostprocessing = 0;
		};
/* End PBXResourcesBuildPhase section */

/* Begin PBXSourcesBuildPhase section */
		3F59DC4120A808E4005A11F6 /* Sources */ = {
			isa = PBXSourcesBuildPhase;
			buildActionMask = 2147483647;
			files = (
				3F59DC4B20A808E4005A11F6 /* ViewController.swift in Sources */,
				3F59DC4920A808E4005A11F6 /* AppDelegate.swift in Sources */,
			);
			runOnlyForDeploymentPostprocessing = 0;
		};
		3F59DC5320A808E4005A11F6 /* Sources */ = {
			isa = PBXSourcesBuildPhase;
			buildActionMask = 2147483647;
			files = (
				3F59DC5C20A808E4005A11F6 /* Mac_ToolkitTests.swift in Sources */,
			);
			runOnlyForDeploymentPostprocessing = 0;
		};
		3F59DC5E20A808E4005A11F6 /* Sources */ = {
			isa = PBXSourcesBuildPhase;
			buildActionMask = 2147483647;
			files = (
				3F59DC6720A808E4005A11F6 /* Mac_ToolkitUITests.swift in Sources */,
			);
			runOnlyForDeploymentPostprocessing = 0;
		};
/* End PBXSourcesBuildPhase section */

/* Begin PBXTargetDependency section */
		3F59DC5920A808E4005A11F6 /* PBXTargetDependency */ = {
			isa = PBXTargetDependency;
			target = 3F59DC4420A808E4005A11F6 /* Mac Toolkit */;
			targetProxy = 3F59DC5820A808E4005A11F6 /* PBXContainerItemProxy */;
		};
		3F59DC6420A808E4005A11F6 /* PBXTargetDependency */ = {
			isa = PBXTargetDependency;
			target = 3F59DC4420A808E4005A11F6 /* Mac Toolkit */;
			targetProxy = 3F59DC6320A808E4005A11F6 /* PBXContainerItemProxy */;
		};
/* End PBXTargetDependency section */

/* Begin PBXVariantGroup section */
		3F59DC4E20A808E4005A11F6 /* Main.storyboard */ = {
			isa = PBXVariantGroup;
			children = (
				3F59DC4F20A808E4005A11F6 /* Base */,
			);
			name = Main.storyboard;
			sourceTree = "<group>";
		};
/* End PBXVariantGroup section */

/* Begin XCBuildConfiguration section */
		3F59DC6920A808E4005A11F6 /* Debug */ = {
			isa = XCBuildConfiguration;
			buildSettings = {
				ALWAYS_SEARCH_USER_PATHS = NO;
				CLANG_ANALYZER_NONNULL = YES;
				CLANG_ANALYZER_NUMBER_OBJECT_CONVERSION = YES_AGGRESSIVE;
				CLANG_CXX_LANGUAGE_STANDARD = "gnu++14";
				CLANG_CXX_LIBRARY = "libc++";
				CLANG_ENABLE_MODULES = YES;
				CLANG_ENABLE_OBJC_ARC = YES;
				CLANG_WARN_BLOCK_CAPTURE_AUTORELEASING = YES;
				CLANG_WARN_BOOL_CONVERSION = YES;
				CLANG_WARN_COMMA = YES;
				CLANG_WARN_CONSTANT_CONVERSION = YES;
				CLANG_WARN_DIRECT_OBJC_ISA_USAGE = YES_ERROR;
				CLANG_WARN_DOCUMENTATION_COMMENTS = YES;
				CLANG_WARN_EMPTY_BODY = YES;
				CLANG_WARN_ENUM_CONVERSION = YES;
				CLANG_WARN_INFINITE_RECURSION = YES;
				CLANG_WARN_INT_CONVERSION = YES;
				CLANG_WARN_NON_LITERAL_NULL_CONVERSION = YES;
				CLANG_WARN_OBJC_LITERAL_CONVERSION = YES;
				CLANG_WARN_OBJC_ROOT_CLASS = YES_ERROR;
				CLANG_WARN_RANGE_LOOP_ANALYSIS = YES;
				CLANG_WARN_STRICT_PROTOTYPES = YES;
				CLANG_WARN_SUSPICIOUS_MOVE = YES;
				CLANG_WARN_UNGUARDED_AVAILABILITY = YES_AGGRESSIVE;
				CLANG_WARN_UNREACHABLE_CODE = YES;
				CLANG_WARN__DUPLICATE_METHOD_MATCH = YES;
				CODE_SIGN_IDENTITY = "Mac Developer";
				COPY_PHASE_STRIP = NO;
				DEBUG_INFORMATION_FORMAT = dwarf;
				ENABLE_STRICT_OBJC_MSGSEND = YES;
				ENABLE_TESTABILITY = YES;
				GCC_C_LANGUAGE_STANDARD = gnu11;
				GCC_DYNAMIC_NO_PIC = NO;
				GCC_NO_COMMON_BLOCKS = YES;
				GCC_OPTIMIZATION_LEVEL = 0;
				GCC_PREPROCESSOR_DEFINITIONS = (
					"DEBUG=1",
					"$(inherited)",
				);
				GCC_WARN_64_TO_32_BIT_CONVERSION = YES;
				GCC_WARN_ABOUT_RETURN_TYPE = YES_ERROR;
				GCC_WARN_UNDECLARED_SELECTOR = YES;
				GCC_WARN_UNINITIALIZED_AUTOS = YES_AGGRESSIVE;
				GCC_WARN_UNUSED_FUNCTION = YES;
				GCC_WARN_UNUSED_VARIABLE = YES;
				MACOSX_DEPLOYMENT_TARGET = 10.13;
				MTL_ENABLE_DEBUG_INFO = YES;
				ONLY_ACTIVE_ARCH = YES;
				SDKROOT = macosx;
				SWIFT_ACTIVE_COMPILATION_CONDITIONS = DEBUG;
				SWIFT_OPTIMIZATION_LEVEL = "-Onone";
			};
			name = Debug;
		};
		3F59DC6A20A808E4005A11F6 /* Release */ = {
			isa = XCBuildConfiguration;
			buildSettings = {
				ALWAYS_SEARCH_USER_PATHS = NO;
				CLANG_ANALYZER_NONNULL = YES;
				CLANG_ANALYZER_NUMBER_OBJECT_CONVERSION = YES_AGGRESSIVE;
				CLANG_CXX_LANGUAGE_STANDARD = "gnu++14";
				CLANG_CXX_LIBRARY = "libc++";
				CLANG_ENABLE_MODULES = YES;
				CLANG_ENABLE_OBJC_ARC = YES;
				CLANG_WARN_BLOCK_CAPTURE_AUTORELEASING = YES;
				CLANG_WARN_BOOL_CONVERSION = YES;
				CLANG_WARN_COMMA = YES;
				CLANG_WARN_CONSTANT_CONVERSION = YES;
				CLANG_WARN_DIRECT_OBJC_ISA_USAGE = YES_ERROR;
				CLANG_WARN_DOCUMENTATION_COMMENTS = YES;
				CLANG_WARN_EMPTY_BODY = YES;
				CLANG_WARN_ENUM_CONVERSION = YES;
				CLANG_WARN_INFINITE_RECURSION = YES;
				CLANG_WARN_INT_CONVERSION = YES;
				CLANG_WARN_NON_LITERAL_NULL_CONVERSION = YES;
				CLANG_WARN_OBJC_LITERAL_CONVERSION = YES;
				CLANG_WARN_OBJC_ROOT_CLASS = YES_ERROR;
				CLANG_WARN_RANGE_LOOP_ANALYSIS = YES;
				CLANG_WARN_STRICT_PROTOTYPES = YES;
				CLANG_WARN_SUSPICIOUS_MOVE = YES;
				CLANG_WARN_UNGUARDED_AVAILABILITY = YES_AGGRESSIVE;
				CLANG_WARN_UNREACHABLE_CODE = YES;
				CLANG_WARN__DUPLICATE_METHOD_MATCH = YES;
				CODE_SIGN_IDENTITY = "Mac Developer";
				COPY_PHASE_STRIP = NO;
				DEBUG_INFORMATION_FORMAT = "dwarf-with-dsym";
				ENABLE_NS_ASSERTIONS = NO;
				ENABLE_STRICT_OBJC_MSGSEND = YES;
				GCC_C_LANGUAGE_STANDARD = gnu11;
				GCC_NO_COMMON_BLOCKS = YES;
				GCC_WARN_64_TO_32_BIT_CONVERSION = YES;
				GCC_WARN_ABOUT_RETURN_TYPE = YES_ERROR;
				GCC_WARN_UNDECLARED_SELECTOR = YES;
				GCC_WARN_UNINITIALIZED_AUTOS = YES_AGGRESSIVE;
				GCC_WARN_UNUSED_FUNCTION = YES;
				GCC_WARN_UNUSED_VARIABLE = YES;
				MACOSX_DEPLOYMENT_TARGET = 10.13;
				MTL_ENABLE_DEBUG_INFO = NO;
				SDKROOT = macosx;
				SWIFT_OPTIMIZATION_LEVEL = "-Owholemodule";
			};
			name = Release;
		};
		3F59DC6C20A808E4005A11F6 /* Debug */ = {
			isa = XCBuildConfiguration;
			buildSettings = {
				ASSETCATALOG_COMPILER_APPICON_NAME = AppIcon;
				CODE_SIGN_ENTITLEMENTS = "Mac Toolkit/Mac_Toolkit.entitlements";
				CODE_SIGN_STYLE = Automatic;
				COMBINE_HIDPI_IMAGES = YES;
				DEVELOPMENT_TEAM = 89HC9PHF99;
				INFOPLIST_FILE = "Mac Toolkit/Info.plist";
				LD_RUNPATH_SEARCH_PATHS = "$(inherited) @executable_path/../Frameworks";
				PRODUCT_BUNDLE_IDENTIFIER = "gkr.Mac-Toolkit";
				PRODUCT_NAME = "$(TARGET_NAME)";
				SWIFT_VERSION = 4.0;
			};
			name = Debug;
		};
		3F59DC6D20A808E4005A11F6 /* Release */ = {
			isa = XCBuildConfiguration;
			buildSettings = {
				ASSETCATALOG_COMPILER_APPICON_NAME = AppIcon;
				CODE_SIGN_ENTITLEMENTS = "Mac Toolkit/Mac_Toolkit.entitlements";
				CODE_SIGN_STYLE = Automatic;
				COMBINE_HIDPI_IMAGES = YES;
				DEVELOPMENT_TEAM = 89HC9PHF99;
				INFOPLIST_FILE = "Mac Toolkit/Info.plist";
				LD_RUNPATH_SEARCH_PATHS = "$(inherited) @executable_path/../Frameworks";
				PRODUCT_BUNDLE_IDENTIFIER = "gkr.Mac-Toolkit";
				PRODUCT_NAME = "$(TARGET_NAME)";
				SWIFT_VERSION = 4.0;
			};
			name = Release;
		};
		3F59DC6F20A808E4005A11F6 /* Debug */ = {
			isa = XCBuildConfiguration;
			buildSettings = {
				ALWAYS_EMBED_SWIFT_STANDARD_LIBRARIES = YES;
				BUNDLE_LOADER = "$(TEST_HOST)";
				CODE_SIGN_STYLE = Automatic;
				COMBINE_HIDPI_IMAGES = YES;
				DEVELOPMENT_TEAM = 89HC9PHF99;
				INFOPLIST_FILE = "Mac ToolkitTests/Info.plist";
				LD_RUNPATH_SEARCH_PATHS = "$(inherited) @executable_path/../Frameworks @loader_path/../Frameworks";
				PRODUCT_BUNDLE_IDENTIFIER = "gkr.Mac-ToolkitTests";
				PRODUCT_NAME = "$(TARGET_NAME)";
				SWIFT_VERSION = 4.0;
				TEST_HOST = "$(BUILT_PRODUCTS_DIR)/Mac Toolkit.app/Contents/MacOS/Mac Toolkit";
			};
			name = Debug;
		};
		3F59DC7020A808E4005A11F6 /* Release */ = {
			isa = XCBuildConfiguration;
			buildSettings = {
				ALWAYS_EMBED_SWIFT_STANDARD_LIBRARIES = YES;
				BUNDLE_LOADER = "$(TEST_HOST)";
				CODE_SIGN_STYLE = Automatic;
				COMBINE_HIDPI_IMAGES = YES;
				DEVELOPMENT_TEAM = 89HC9PHF99;
				INFOPLIST_FILE = "Mac ToolkitTests/Info.plist";
				LD_RUNPATH_SEARCH_PATHS = "$(inherited) @executable_path/../Frameworks @loader_path/../Frameworks";
				PRODUCT_BUNDLE_IDENTIFIER = "gkr.Mac-ToolkitTests";
				PRODUCT_NAME = "$(TARGET_NAME)";
				SWIFT_VERSION = 4.0;
				TEST_HOST = "$(BUILT_PRODUCTS_DIR)/Mac Toolkit.app/Contents/MacOS/Mac Toolkit";
			};
			name = Release;
		};
		3F59DC7220A808E4005A11F6 /* Debug */ = {
			isa = XCBuildConfiguration;
			buildSettings = {
				ALWAYS_EMBED_SWIFT_STANDARD_LIBRARIES = YES;
				CODE_SIGN_STYLE = Automatic;
				COMBINE_HIDPI_IMAGES = YES;
				DEVELOPMENT_TEAM = 89HC9PHF99;
				INFOPLIST_FILE = "Mac ToolkitUITests/Info.plist";
				LD_RUNPATH_SEARCH_PATHS = "$(inherited) @executable_path/../Frameworks @loader_path/../Frameworks";
				PRODUCT_BUNDLE_IDENTIFIER = "gkr.Mac-ToolkitUITests";
				PRODUCT_NAME = "$(TARGET_NAME)";
				SWIFT_VERSION = 4.0;
				TEST_TARGET_NAME = "Mac Toolkit";
			};
			name = Debug;
		};
		3F59DC7320A808E4005A11F6 /* Release */ = {
			isa = XCBuildConfiguration;
			buildSettings = {
				ALWAYS_EMBED_SWIFT_STANDARD_LIBRARIES = YES;
				CODE_SIGN_STYLE = Automatic;
				COMBINE_HIDPI_IMAGES = YES;
				DEVELOPMENT_TEAM = 89HC9PHF99;
				INFOPLIST_FILE = "Mac ToolkitUITests/Info.plist";
				LD_RUNPATH_SEARCH_PATHS = "$(inherited) @executable_path/../Frameworks @loader_path/../Frameworks";
				PRODUCT_BUNDLE_IDENTIFIER = "gkr.Mac-ToolkitUITests";
				PRODUCT_NAME = "$(TARGET_NAME)";
				SWIFT_VERSION = 4.0;
				TEST_TARGET_NAME = "Mac Toolkit";
			};
			name = Release;
		};
/* End XCBuildConfiguration section */

/* Begin XCConfigurationList section */
		3F59DC4020A808E4005A11F6 /* Build configuration list for PBXProject "Mac Toolkit" */ = {
			isa = XCConfigurationList;
			buildConfigurations = (
				3F59DC6920A808E4005A11F6 /* Debug */,
				3F59DC6A20A808E4005A11F6 /* Release */,
			);
			defaultConfigurationIsVisible = 0;
			defaultConfigurationName = Release;
		};
		3F59DC6B20A808E4005A11F6 /* Build configuration list for PBXNativeTarget "Mac Toolkit" */ = {
			isa = XCConfigurationList;
			buildConfigurations = (
				3F59DC6C20A808E4005A11F6 /* Debug */,
				3F59DC6D20A808E4005A11F6 /* Release */,
			);
			defaultConfigurationIsVisible = 0;
			defaultConfigurationName = Release;
		};
		3F59DC6E20A808E4005A11F6 /* Build configuration list for PBXNativeTarget "Mac ToolkitTests" */ = {
			isa = XCConfigurationList;
			buildConfigurations = (
				3F59DC6F20A808E4005A11F6 /* Debug */,
				3F59DC7020A808E4005A11F6 /* Release */,
			);
			defaultConfigurationIsVisible = 0;
			defaultConfigurationName = Release;
		};
		3F59DC7120A808E4005A11F6 /* Build configuration list for PBXNativeTarget "Mac ToolkitUITests" */ = {
			isa = XCConfigurationList;
			buildConfigurations = (
				3F59DC7220A808E4005A11F6 /* Debug */,
				3F59DC7320A808E4005A11F6 /* Release */,
			);
			defaultConfigurationIsVisible = 0;
			defaultConfigurationName = Release;
		};
/* End XCConfigurationList section */
	};
	rootObject = 3F59DC3D20A808E4005A11F6 /* Project object */;
}
